
Microsoft Visual Studio Solution File, Format Version 12.00
# Visual Studio 15
VisualStudioVersion = 15.0.28307.1082
MinimumVisualStudioVersion = 10.0.40219.1
Project("{9A19103F-16F7-4668-BE54-9A1E7A4F7556}") = "AWSLambda4", "AWSLambda4\AWSLambda4.csproj", "{DEFA4774-C1FD-452C-B7E5-02D3D61883F8}"
EndProject
Global
	GlobalSection(SolutionConfigurationPlatforms) = preSolution
		Debug|Any CPU = Debug|Any CPU
		Release|Any CPU = Release|Any CPU
	EndGlobalSection
	GlobalSection(ProjectConfigurationPlatforms) = postSolution
		{DEFA4774-C1FD-452C-B7E5-02D3D61883F8}.Debug|Any CPU.ActiveCfg = Debug|Any CPU
		{DEFA4774-C1FD-452C-B7E5-02D3D61883F8}.Debug|Any CPU.Build.0 = Debug|Any CPU
		{DEFA4774-C1FD-452C-B7E5-02D3D61883F8}.Release|Any CPU.ActiveCfg = Release|Any CPU
		{DEFA4774-C1FD-452C-B7E5-02D3D61883F8}.Release|Any CPU.Build.0 = Release|Any CPU
	EndGlobalSection
	GlobalSection(SolutionProperties) = preSolution
		HideSolutionNode = FALSE
	EndGlobalSection
	GlobalSection(ExtensibilityGlobals) = postSolution
		SolutionGuid = {995DB8EC-5BF5-4478-A2CA-E37D22039F1B}
	EndGlobalSection
EndGlobal
